// !$*UTF8*$!
{
	archiveVersion = 1;
	classes = {
	};
	objectVersion = 46;
	objects = {

/* Begin PBXBuildFile section */
		81B7A5F8189AFCA200834BA3 /* Foundation.framework in Frameworks */ = {isa = PBXBuildFile; fileRef = 81B7A5F7189AFCA200834BA3 /* Foundation.framework */; };
		81B7A5FA189AFCA200834BA3 /* CoreGraphics.framework in Frameworks */ = {isa = PBXBuildFile; fileRef = 81B7A5F9189AFCA200834BA3 /* CoreGraphics.framework */; };
		81B7A5FC189AFCA200834BA3 /* UIKit.framework in Frameworks */ = {isa = PBXBuildFile; fileRef = 81B7A5FB189AFCA200834BA3 /* UIKit.framework */; };
		81B7A602189AFCA200834BA3 /* InfoPlist.strings in Resources */ = {isa = PBXBuildFile; fileRef = 81B7A600189AFCA200834BA3 /* InfoPlist.strings */; };
		81B7A604189AFCA200834BA3 /* main.m in Sources */ = {isa = PBXBuildFile; fileRef = 81B7A603189AFCA200834BA3 /* main.m */; };
		81B7A608189AFCA200834BA3 /* PACAppDelegate.m in Sources */ = {isa = PBXBuildFile; fileRef = 81B7A607189AFCA200834BA3 /* PACAppDelegate.m */; };
		81B7A60A189AFCA200834BA3 /* Images.xcassets in Resources */ = {isa = PBXBuildFile; fileRef = 81B7A609189AFCA200834BA3 /* Images.xcassets */; };
		81B7A611189AFCA200834BA3 /* XCTest.framework in Frameworks */ = {isa = PBXBuildFile; fileRef = 81B7A610189AFCA200834BA3 /* XCTest.framework */; };
		81B7A612189AFCA200834BA3 /* Foundation.framework in Frameworks */ = {isa = PBXBuildFile; fileRef = 81B7A5F7189AFCA200834BA3 /* Foundation.framework */; };
		81B7A613189AFCA200834BA3 /* UIKit.framework in Frameworks */ = {isa = PBXBuildFile; fileRef = 81B7A5FB189AFCA200834BA3 /* UIKit.framework */; };
		81B7A61B189AFCA200834BA3 /* InfoPlist.strings in Resources */ = {isa = PBXBuildFile; fileRef = 81B7A619189AFCA200834BA3 /* InfoPlist.strings */; };
		81B7A61D189AFCA200834BA3 /* BlurryScrollViewDemoTests.m in Sources */ = {isa = PBXBuildFile; fileRef = 81B7A61C189AFCA200834BA3 /* BlurryScrollViewDemoTests.m */; };
		81B7A62B189AFCB600834BA3 /* PACBlurryScrollView.m in Sources */ = {isa = PBXBuildFile; fileRef = 81B7A628189AFCB600834BA3 /* PACBlurryScrollView.m */; };
		81B7A62C189AFCB600834BA3 /* UIImage+PACBlurryEffect.m in Sources */ = {isa = PBXBuildFile; fileRef = 81B7A62A189AFCB600834BA3 /* UIImage+PACBlurryEffect.m */; };
		81B7A630189AFCCA00834BA3 /* PACViewController.m in Sources */ = {isa = PBXBuildFile; fileRef = 81B7A62E189AFCCA00834BA3 /* PACViewController.m */; };
		81B7A631189AFCCA00834BA3 /* PACViewController.xib in Resources */ = {isa = PBXBuildFile; fileRef = 81B7A62F189AFCCA00834BA3 /* PACViewController.xib */; };
		81B7A633189AFDD700834BA3 /* bg.jpg in Resources */ = {isa = PBXBuildFile; fileRef = 81B7A632189AFDD700834BA3 /* bg.jpg */; };
/* End PBXBuildFile section */

/* Begin PBXContainerItemProxy section */
		81B7A614189AFCA200834BA3 /* PBXContainerItemProxy */ = {
			isa = PBXContainerItemProxy;
			containerPortal = 81B7A5EC189AFCA200834BA3 /* Project object */;
			proxyType = 1;
			remoteGlobalIDString = 81B7A5F3189AFCA200834BA3;
			remoteInfo = BlurryScrollViewDemo;
		};
/* End PBXContainerItemProxy section */

/* Begin PBXFileReference section */
		81B7A5F4189AFCA200834BA3 /* BlurryScrollViewDemo.app */ = {isa = PBXFileReference; explicitFileType = wrapper.application; includeInIndex = 0; path = BlurryScrollViewDemo.app; sourceTree = BUILT_PRODUCTS_DIR; };
		81B7A5F7189AFCA200834BA3 /* Foundation.framework */ = {isa = PBXFileReference; lastKnownFileType = wrapper.framework; name = Foundation.framework; path = System/Library/Frameworks/Foundation.framework; sourceTree = SDKROOT; };
		81B7A5F9189AFCA200834BA3 /* CoreGraphics.framework */ = {isa = PBXFileReference; lastKnownFileType = wrapper.framework; name = CoreGraphics.framework; path = System/Library/Frameworks/CoreGraphics.framework; sourceTree = SDKROOT; };
		81B7A5FB189AFCA200834BA3 /* UIKit.framework */ = {isa = PBXFileReference; lastKnownFileType = wrapper.framework; name = UIKit.framework; path = System/Library/Frameworks/UIKit.framework; sourceTree = SDKROOT; };
		81B7A5FF189AFCA200834BA3 /* BlurryScrollViewDemo-Info.plist */ = {isa = PBXFileReference; lastKnownFileType = text.plist.xml; path = "BlurryScrollViewDemo-Info.plist"; sourceTree = "<group>"; };
		81B7A601189AFCA200834BA3 /* en */ = {isa = PBXFileReference; lastKnownFileType = text.plist.strings; name = en; path = en.lproj/InfoPlist.strings; sourceTree = "<group>"; };
		81B7A603189AFCA200834BA3 /* main.m */ = {isa = PBXFileReference; lastKnownFileType = sourcecode.c.objc; path = main.m; sourceTree = "<group>"; };
		81B7A605189AFCA200834BA3 /* BlurryScrollViewDemo-Prefix.pch */ = {isa = PBXFileReference; lastKnownFileType = sourcecode.c.h; path = "BlurryScrollViewDemo-Prefix.pch"; sourceTree = "<group>"; };
		81B7A606189AFCA200834BA3 /* PACAppDelegate.h */ = {isa = PBXFileReference; lastKnownFileType = sourcecode.c.h; path = PACAppDelegate.h; sourceTree = "<group>"; };
		81B7A607189AFCA200834BA3 /* PACAppDelegate.m */ = {isa = PBXFileReference; lastKnownFileType = sourcecode.c.objc; path = PACAppDelegate.m; sourceTree = "<group>"; };
		81B7A609189AFCA200834BA3 /* Images.xcassets */ = {isa = PBXFileReference; lastKnownFileType = folder.assetcatalog; path = Images.xcassets; sourceTree = "<group>"; };
		81B7A60F189AFCA200834BA3 /* BlurryScrollViewDemoTests.xctest */ = {isa = PBXFileReference; explicitFileType = wrapper.cfbundle; includeInIndex = 0; path = BlurryScrollViewDemoTests.xctest; sourceTree = BUILT_PRODUCTS_DIR; };
		81B7A610189AFCA200834BA3 /* XCTest.framework */ = {isa = PBXFileReference; lastKnownFileType = wrapper.framework; name = XCTest.framework; path = Library/Frameworks/XCTest.framework; sourceTree = DEVELOPER_DIR; };
		81B7A618189AFCA200834BA3 /* BlurryScrollViewDemoTests-Info.plist */ = {isa = PBXFileReference; lastKnownFileType = text.plist.xml; path = "BlurryScrollViewDemoTests-Info.plist"; sourceTree = "<group>"; };
		81B7A61A189AFCA200834BA3 /* en */ = {isa = PBXFileReference; lastKnownFileType = text.plist.strings; name = en; path = en.lproj/InfoPlist.strings; sourceTree = "<group>"; };
		81B7A61C189AFCA200834BA3 /* BlurryScrollViewDemoTests.m */ = {isa = PBXFileReference; lastKnownFileType = sourcecode.c.objc; path = BlurryScrollViewDemoTests.m; sourceTree = "<group>"; };
		81B7A627189AFCB600834BA3 /* PACBlurryScrollView.h */ = {isa = PBXFileReference; fileEncoding = 4; lastKnownFileType = sourcecode.c.h; path = PACBlurryScrollView.h; sourceTree = "<group>"; };
		81B7A628189AFCB600834BA3 /* PACBlurryScrollView.m */ = {isa = PBXFileReference; fileEncoding = 4; lastKnownFileType = sourcecode.c.objc; path = PACBlurryScrollView.m; sourceTree = "<group>"; };
		81B7A629189AFCB600834BA3 /* UIImage+PACBlurryEffect.h */ = {isa = PBXFileReference; fileEncoding = 4; lastKnownFileType = sourcecode.c.h; path = "UIImage+PACBlurryEffect.h"; sourceTree = "<group>"; };
		81B7A62A189AFCB600834BA3 /* UIImage+PACBlurryEffect.m */ = {isa = PBXFileReference; fileEncoding = 4; lastKnownFileType = sourcecode.c.objc; path = "UIImage+PACBlurryEffect.m"; sourceTree = "<group>"; };
		81B7A62D189AFCCA00834BA3 /* PACViewController.h */ = {isa = PBXFileReference; fileEncoding = 4; lastKnownFileType = sourcecode.c.h; path = PACViewController.h; sourceTree = "<group>"; };
		81B7A62E189AFCCA00834BA3 /* PACViewController.m */ = {isa = PBXFileReference; fileEncoding = 4; lastKnownFileType = sourcecode.c.objc; path = PACViewController.m; sourceTree = "<group>"; };
		81B7A62F189AFCCA00834BA3 /* PACViewController.xib */ = {isa = PBXFileReference; fileEncoding = 4; lastKnownFileType = file.xib; path = PACViewController.xib; sourceTree = "<group>"; };
		81B7A632189AFDD700834BA3 /* bg.jpg */ = {isa = PBXFileReference; lastKnownFileType = image.jpeg; name = bg.jpg; path = Images/bg.jpg; sourceTree = "<group>"; };
/* End PBXFileReference section */

/* Begin PBXFrameworksBuildPhase section */
		81B7A5F1189AFCA200834BA3 /* Frameworks */ = {
			isa = PBXFrameworksBuildPhase;
			buildActionMask = 2147483647;
			files = (
				81B7A5FA189AFCA200834BA3 /* CoreGraphics.framework in Frameworks */,
				81B7A5FC189AFCA200834BA3 /* UIKit.framework in Frameworks */,
				81B7A5F8189AFCA200834BA3 /* Foundation.framework in Frameworks */,
			);
			runOnlyForDeploymentPostprocessing = 0;
		};
		81B7A60C189AFCA200834BA3 /* Frameworks */ = {
			isa = PBXFrameworksBuildPhase;
			buildActionMask = 2147483647;
			files = (
				81B7A611189AFCA200834BA3 /* XCTest.framework in Frameworks */,
				81B7A613189AFCA200834BA3 /* UIKit.framework in Frameworks */,
				81B7A612189AFCA200834BA3 /* Foundation.framework in Frameworks */,
			);
			runOnlyForDeploymentPostprocessing = 0;
		};
/* End PBXFrameworksBuildPhase section */

/* Begin PBXGroup section */
		81B7A5EB189AFCA200834BA3 = {
			isa = PBXGroup;
			children = (
				81B7A5FD189AFCA200834BA3 /* BlurryScrollViewDemo */,
				81B7A616189AFCA200834BA3 /* BlurryScrollViewDemoTests */,
				81B7A5F6189AFCA200834BA3 /* Frameworks */,
				81B7A5F5189AFCA200834BA3 /* Products */,
			);
			sourceTree = "<group>";
		};
		81B7A5F5189AFCA200834BA3 /* Products */ = {
			isa = PBXGroup;
			children = (
				81B7A5F4189AFCA200834BA3 /* BlurryScrollViewDemo.app */,
				81B7A60F189AFCA200834BA3 /* BlurryScrollViewDemoTests.xctest */,
			);
			name = Products;
			sourceTree = "<group>";
		};
		81B7A5F6189AFCA200834BA3 /* Frameworks */ = {
			isa = PBXGroup;
			children = (
				81B7A5F7189AFCA200834BA3 /* Foundation.framework */,
				81B7A5F9189AFCA200834BA3 /* CoreGraphics.framework */,
				81B7A5FB189AFCA200834BA3 /* UIKit.framework */,
				81B7A610189AFCA200834BA3 /* XCTest.framework */,
			);
			name = Frameworks;
			sourceTree = "<group>";
		};
		81B7A5FD189AFCA200834BA3 /* BlurryScrollViewDemo */ = {
			isa = PBXGroup;
			children = (
				81B7A626189AFCB600834BA3 /* PACScrollView */,
				81B7A606189AFCA200834BA3 /* PACAppDelegate.h */,
				81B7A607189AFCA200834BA3 /* PACAppDelegate.m */,
				81B7A62D189AFCCA00834BA3 /* PACViewController.h */,
				81B7A62E189AFCCA00834BA3 /* PACViewController.m */,
				81B7A62F189AFCCA00834BA3 /* PACViewController.xib */,
				81B7A609189AFCA200834BA3 /* Images.xcassets */,
				81B7A5FE189AFCA200834BA3 /* Supporting Files */,
			);
			path = BlurryScrollViewDemo;
			sourceTree = "<group>";
		};
		81B7A5FE189AFCA200834BA3 /* Supporting Files */ = {
			isa = PBXGroup;
			children = (
				81B7A632189AFDD700834BA3 /* bg.jpg */,
				81B7A5FF189AFCA200834BA3 /* BlurryScrollViewDemo-Info.plist */,
				81B7A600189AFCA200834BA3 /* InfoPlist.strings */,
				81B7A603189AFCA200834BA3 /* main.m */,
				81B7A605189AFCA200834BA3 /* BlurryScrollViewDemo-Prefix.pch */,
			);
			name = "Supporting Files";
			sourceTree = "<group>";
		};
		81B7A616189AFCA200834BA3 /* BlurryScrollViewDemoTests */ = {
			isa = PBXGroup;
			children = (
				81B7A61C189AFCA200834BA3 /* BlurryScrollViewDemoTests.m */,
				81B7A617189AFCA200834BA3 /* Supporting Files */,
			);
			path = BlurryScrollViewDemoTests;
			sourceTree = "<group>";
		};
		81B7A617189AFCA200834BA3 /* Supporting Files */ = {
			isa = PBXGroup;
			children = (
				81B7A618189AFCA200834BA3 /* BlurryScrollViewDemoTests-Info.plist */,
				81B7A619189AFCA200834BA3 /* InfoPlist.strings */,
			);
			name = "Supporting Files";
			sourceTree = "<group>";
		};
		81B7A626189AFCB600834BA3 /* PACScrollView */ = {
			isa = PBXGroup;
			children = (
				81B7A627189AFCB600834BA3 /* PACBlurryScrollView.h */,
				81B7A628189AFCB600834BA3 /* PACBlurryScrollView.m */,
				81B7A629189AFCB600834BA3 /* UIImage+PACBlurryEffect.h */,
				81B7A62A189AFCB600834BA3 /* UIImage+PACBlurryEffect.m */,
			);
			name = PACScrollView;
			path = ../../PACScrollView;
			sourceTree = "<group>";
		};
/* End PBXGroup section */

/* Begin PBXNativeTarget section */
		81B7A5F3189AFCA200834BA3 /* BlurryScrollViewDemo */ = {
			isa = PBXNativeTarget;
			buildConfigurationList = 81B7A620189AFCA200834BA3 /* Build configuration list for PBXNativeTarget "BlurryScrollViewDemo" */;
			buildPhases = (
				81B7A5F0189AFCA200834BA3 /* Sources */,
				81B7A5F1189AFCA200834BA3 /* Frameworks */,
				81B7A5F2189AFCA200834BA3 /* Resources */,
			);
			buildRules = (
			);
			dependencies = (
			);
			name = BlurryScrollViewDemo;
			productName = BlurryScrollViewDemo;
			productReference = 81B7A5F4189AFCA200834BA3 /* BlurryScrollViewDemo.app */;
			productType = "com.apple.product-type.application";
		};
		81B7A60E189AFCA200834BA3 /* BlurryScrollViewDemoTests */ = {
			isa = PBXNativeTarget;
			buildConfigurationList = 81B7A623189AFCA200834BA3 /* Build configuration list for PBXNativeTarget "BlurryScrollViewDemoTests" */;
			buildPhases = (
				81B7A60B189AFCA200834BA3 /* Sources */,
				81B7A60C189AFCA200834BA3 /* Frameworks */,
				81B7A60D189AFCA200834BA3 /* Resources */,
			);
			buildRules = (
			);
			dependencies = (
				81B7A615189AFCA200834BA3 /* PBXTargetDependency */,
			);
			name = BlurryScrollViewDemoTests;
			productName = BlurryScrollViewDemoTests;
			productReference = 81B7A60F189AFCA200834BA3 /* BlurryScrollViewDemoTests.xctest */;
			productType = "com.apple.product-type.bundle.unit-test";
		};
/* End PBXNativeTarget section */

/* Begin PBXProject section */
		81B7A5EC189AFCA200834BA3 /* Project object */ = {
			isa = PBXProject;
			attributes = {
				CLASSPREFIX = PAC;
				LastUpgradeCheck = 0500;
				ORGANIZATIONNAME = "Paul-Anatole CLAUDOT";
				TargetAttributes = {
					81B7A60E189AFCA200834BA3 = {
						TestTargetID = 81B7A5F3189AFCA200834BA3;
					};
				};
			};
			buildConfigurationList = 81B7A5EF189AFCA200834BA3 /* Build configuration list for PBXProject "BlurryScrollViewDemo" */;
			compatibilityVersion = "Xcode 3.2";
			developmentRegion = English;
			hasScannedForEncodings = 0;
			knownRegions = (
				en,
			);
			mainGroup = 81B7A5EB189AFCA200834BA3;
			productRefGroup = 81B7A5F5189AFCA200834BA3 /* Products */;
			projectDirPath = "";
			projectRoot = "";
			targets = (
				81B7A5F3189AFCA200834BA3 /* BlurryScrollViewDemo */,
				81B7A60E189AFCA200834BA3 /* BlurryScrollViewDemoTests */,
			);
		};
/* End PBXProject section */

/* Begin PBXResourcesBuildPhase section */
		81B7A5F2189AFCA200834BA3 /* Resources */ = {
			isa = PBXResourcesBuildPhase;
			buildActionMask = 2147483647;
			files = (
				81B7A602189AFCA200834BA3 /* InfoPlist.strings in Resources */,
				81B7A60A189AFCA200834BA3 /* Images.xcassets in Resources */,
				81B7A633189AFDD700834BA3 /* bg.jpg in Resources */,
				81B7A631189AFCCA00834BA3 /* PACViewController.xib in Resources */,
			);
			runOnlyForDeploymentPostprocessing = 0;
		};
		81B7A60D189AFCA200834BA3 /* Resources */ = {
			isa = PBXResourcesBuildPhase;
			buildActionMask = 2147483647;
			files = (
				81B7A61B189AFCA200834BA3 /* InfoPlist.strings in Resources */,
			);
			runOnlyForDeploymentPostprocessing = 0;
		};
/* End PBXResourcesBuildPhase section */

/* Begin PBXSourcesBuildPhase section */
		81B7A5F0189AFCA200834BA3 /* Sources */ = {
			isa = PBXSourcesBuildPhase;
			buildActionMask = 2147483647;
			files = (
				81B7A62B189AFCB600834BA3 /* PACBlurryScrollView.m in Sources */,
				81B7A62C189AFCB600834BA3 /* UIImage+PACBlurryEffect.m in Sources */,
				81B7A604189AFCA200834BA3 /* main.m in Sources */,
				81B7A630189AFCCA00834BA3 /* PACViewController.m in Sources */,
				81B7A608189AFCA200834BA3 /* PACAppDelegate.m in Sources */,
			);
			runOnlyForDeploymentPostprocessing = 0;
		};
		81B7A60B189AFCA200834BA3 /* Sources */ = {
			isa = PBXSourcesBuildPhase;
			buildActionMask = 2147483647;
			files = (
				81B7A61D189AFCA200834BA3 /* BlurryScrollViewDemoTests.m in Sources */,
			);
			runOnlyForDeploymentPostprocessing = 0;
		};
/* End PBXSourcesBuildPhase section */

/* Begin PBXTargetDependency section */
		81B7A615189AFCA200834BA3 /* PBXTargetDependency */ = {
			isa = PBXTargetDependency;
			target = 81B7A5F3189AFCA200834BA3 /* BlurryScrollViewDemo */;
			targetProxy = 81B7A614189AFCA200834BA3 /* PBXContainerItemProxy */;
		};
/* End PBXTargetDependency section */

/* Begin PBXVariantGroup section */
		81B7A600189AFCA200834BA3 /* InfoPlist.strings */ = {
			isa = PBXVariantGroup;
			children = (
				81B7A601189AFCA200834BA3 /* en */,
			);
			name = InfoPlist.strings;
			sourceTree = "<group>";
		};
		81B7A619189AFCA200834BA3 /* InfoPlist.strings */ = {
			isa = PBXVariantGroup;
			children = (
				81B7A61A189AFCA200834BA3 /* en */,
			);
			name = InfoPlist.strings;
			sourceTree = "<group>";
		};
/* End PBXVariantGroup section */

/* Begin XCBuildConfiguration section */
		81B7A61E189AFCA200834BA3 /* Debug */ = {
			isa = XCBuildConfiguration;
			buildSettings = {
				ALWAYS_SEARCH_USER_PATHS = NO;
				ARCHS = "$(ARCHS_STANDARD_INCLUDING_64_BIT)";
				CLANG_CXX_LANGUAGE_STANDARD = "gnu++0x";
				CLANG_CXX_LIBRARY = "libc++";
				CLANG_ENABLE_MODULES = YES;
				CLANG_ENABLE_OBJC_ARC = YES;
				CLANG_WARN_BOOL_CONVERSION = YES;
				CLANG_WARN_CONSTANT_CONVERSION = YES;
				CLANG_WARN_DIRECT_OBJC_ISA_USAGE = YES_ERROR;
				CLANG_WARN_EMPTY_BODY = YES;
				CLANG_WARN_ENUM_CONVERSION = YES;
				CLANG_WARN_INT_CONVERSION = YES;
				CLANG_WARN_OBJC_ROOT_CLASS = YES_ERROR;
				CLANG_WARN__DUPLICATE_METHOD_MATCH = YES;
				"CODE_SIGN_IDENTITY[sdk=iphoneos*]" = "iPhone Developer";
				COPY_PHASE_STRIP = NO;
				GCC_C_LANGUAGE_STANDARD = gnu99;
				GCC_DYNAMIC_NO_PIC = NO;
				GCC_OPTIMIZATION_LEVEL = 0;
				GCC_PREPROCESSOR_DEFINITIONS = (
					"DEBUG=1",
					"$(inherited)",
				);
				GCC_SYMBOLS_PRIVATE_EXTERN = NO;
				GCC_WARN_64_TO_32_BIT_CONVERSION = YES;
				GCC_WARN_ABOUT_RETURN_TYPE = YES_ERROR;
				GCC_WARN_UNDECLARED_SELECTOR = YES;
				GCC_WARN_UNINITIALIZED_AUTOS = YES;
				GCC_WARN_UNUSED_FUNCTION = YES;
				GCC_WARN_UNUSED_VARIABLE = YES;
				IPHONEOS_DEPLOYMENT_TARGET = 7.0;
				ONLY_ACTIVE_ARCH = YES;
				SDKROOT = iphoneos;
			};
			name = Debug;
		};
		81B7A61F189AFCA200834BA3 /* Release */ = {
			isa = XCBuildConfiguration;
			buildSettings = {
				ALWAYS_SEARCH_USER_PATHS = NO;
				ARCHS = "$(ARCHS_STANDARD_INCLUDING_64_BIT)";
				CLANG_CXX_LANGUAGE_STANDARD = "gnu++0x";
				CLANG_CXX_LIBRARY = "libc++";
				CLANG_ENABLE_MODULES = YES;
				CLANG_ENABLE_OBJC_ARC = YES;
				CLANG_WARN_BOOL_CONVERSION = YES;
				CLANG_WARN_CONSTANT_CONVERSION = YES;
				CLANG_WARN_DIRECT_OBJC_ISA_USAGE = YES_ERROR;
				CLANG_WARN_EMPTY_BODY = YES;
				CLANG_WARN_ENUM_CONVERSION = YES;
				CLANG_WARN_INT_CONVERSION = YES;
				CLANG_WARN_OBJC_ROOT_CLASS = YES_ERROR;
				CLANG_WARN__DUPLICATE_METHOD_MATCH = YES;
				"CODE_SIGN_IDENTITY[sdk=iphoneos*]" = "iPhone Developer";
				COPY_PHASE_STRIP = YES;
				ENABLE_NS_ASSERTIONS = NO;
				GCC_C_LANGUAGE_STANDARD = gnu99;
				GCC_WARN_64_TO_32_BIT_CONVERSION = YES;
				GCC_WARN_ABOUT_RETURN_TYPE = YES_ERROR;
				GCC_WARN_UNDECLARED_SELECTOR = YES;
				GCC_WARN_UNINITIALIZED_AUTOS = YES;
				GCC_WARN_UNUSED_FUNCTION = YES;
				GCC_WARN_UNUSED_VARIABLE = YES;
				IPHONEOS_DEPLOYMENT_TARGET = 7.0;
				SDKROOT = iphoneos;
				VALIDATE_PRODUCT = YES;
			};
			name = Release;
		};
		81B7A621189AFCA200834BA3 /* Debug */ = {
			isa = XCBuildConfiguration;
			buildSettings = {
				ASSETCATALOG_COMPILER_APPICON_NAME = AppIcon;
				ASSETCATALOG_COMPILER_LAUNCHIMAGE_NAME = LaunchImage;
				GCC_PRECOMPILE_PREFIX_HEADER = YES;
				GCC_PREFIX_HEADER = "BlurryScrollViewDemo/BlurryScrollViewDemo-Prefix.pch";
				INFOPLIST_FILE = "BlurryScrollViewDemo/BlurryScrollViewDemo-Info.plist";
				PRODUCT_NAME = "$(TARGET_NAME)";
				WRAPPER_EXTENSION = app;
			};
			name = Debug;
		};
		81B7A622189AFCA200834BA3 /* Release */ = {
			isa = XCBuildConfiguration;
			buildSettings = {
				ASSETCATALOG_COMPILER_APPICON_NAME = AppIcon;
				ASSETCATALOG_COMPILER_LAUNCHIMAGE_NAME = LaunchImage;
				GCC_PRECOMPILE_PREFIX_HEADER = YES;
				GCC_PREFIX_HEADER = "BlurryScrollViewDemo/BlurryScrollViewDemo-Prefix.pch";
				INFOPLIST_FILE = "BlurryScrollViewDemo/BlurryScrollViewDemo-Info.plist";
				PRODUCT_NAME = "$(TARGET_NAME)";
				WRAPPER_EXTENSION = app;
			};
			name = Release;
		};
		81B7A624189AFCA200834BA3 /* Debug */ = {
			isa = XCBuildConfiguration;
			buildSettings = {
				ARCHS = "$(ARCHS_STANDARD_INCLUDING_64_BIT)";
				BUNDLE_LOADER = "$(BUILT_PRODUCTS_DIR)/BlurryScrollViewDemo.app/BlurryScrollViewDemo";
				FRAMEWORK_SEARCH_PATHS = (
					"$(SDKROOT)/Developer/Library/Frameworks",
					"$(inherited)",
					"$(DEVELOPER_FRAMEWORKS_DIR)",
				);
				GCC_PRECOMPILE_PREFIX_HEADER = YES;
				GCC_PREFIX_HEADER = "BlurryScrollViewDemo/BlurryScrollViewDemo-Prefix.pch";
				GCC_PREPROCESSOR_DEFINITIONS = (
					"DEBUG=1",
					"$(inherited)",
				);
				INFOPLIST_FILE = "BlurryScrollViewDemoTests/BlurryScrollViewDemoTests-Info.plist";
				PRODUCT_NAME = "$(TARGET_NAME)";
				TEST_HOST = "$(BUNDLE_LOADER)";
				WRAPPER_EXTENSION = xctest;
			};
			name = Debug;
		};
		81B7A625189AFCA200834BA3 /* Release */ = {
			isa = XCBuildConfiguration;
			buildSettings = {
				ARCHS = "$(ARCHS_STANDARD_INCLUDING_64_BIT)";
				BUNDLE_LOADER = "$(BUILT_PRODUCTS_DIR)/BlurryScrollViewDemo.app/BlurryScrollViewDemo";
				FRAMEWORK_SEARCH_PATHS = (
					"$(SDKROOT)/Developer/Library/Frameworks",
					"$(inherited)",
					"$(DEVELOPER_FRAMEWORKS_DIR)",
				);
				GCC_PRECOMPILE_PREFIX_HEADER = YES;
				GCC_PREFIX_HEADER = "BlurryScrollViewDemo/BlurryScrollViewDemo-Prefix.pch";
				INFOPLIST_FILE = "BlurryScrollViewDemoTests/BlurryScrollViewDemoTests-Info.plist";
				PRODUCT_NAME = "$(TARGET_NAME)";
				TEST_HOST = "$(BUNDLE_LOADER)";
				WRAPPER_EXTENSION = xctest;
			};
			name = Release;
		};
/* End XCBuildConfiguration section */

/* Begin XCConfigurationList section */
		81B7A5EF189AFCA200834BA3 /* Build configuration list for PBXProject "BlurryScrollViewDemo" */ = {
			isa = XCConfigurationList;
			buildConfigurations = (
				81B7A61E189AFCA200834BA3 /* Debug */,
				81B7A61F189AFCA200834BA3 /* Release */,
			);
			defaultConfigurationIsVisible = 0;
			defaultConfigurationName = Release;
		};
		81B7A620189AFCA200834BA3 /* Build configuration list for PBXNativeTarget "BlurryScrollViewDemo" */ = {
			isa = XCConfigurationList;
			buildConfigurations = (
				81B7A621189AFCA200834BA3 /* Debug */,
				81B7A622189AFCA200834BA3 /* Release */,
			);
			defaultConfigurationIsVisible = 0;
		};
		81B7A623189AFCA200834BA3 /* Build configuration list for PBXNativeTarget "BlurryScrollViewDemoTests" */ = {
			isa = XCConfigurationList;
			buildConfigurations = (
				81B7A624189AFCA200834BA3 /* Debug */,
				81B7A625189AFCA200834BA3 /* Release */,
			);
			defaultConfigurationIsVisible = 0;
		};
/* End XCConfigurationList section */
	};
	rootObject = 81B7A5EC189AFCA200834BA3 /* Project object */;
}
